# This file is generated by running "yarn install" inside your project.
# Manual changes might be lost - proceed with caution!

__metadata:
  version: 10
  cacheKey: 10c0

"@fixtures/yarn-pnp@workspace:.":
  version: 0.0.0-use.local
  resolution: "@fixtures/yarn-pnp@workspace:."
  dependencies:
    host-with-hidden-manifest: "workspace:*"
    peer-package: "workspace:*"
  languageName: unknown
  linkType: soft

"host-with-hidden-manifest@workspace:*, host-with-hidden-manifest@workspace:packages/host-with-hidden-manifest":
  version: 0.0.0-use.local
  resolution: "host-with-hidden-manifest@workspace:packages/host-with-hidden-manifest"
  peerDependencies:
    peer-package: "*"
  languageName: unknown
  linkType: soft

"peer-package@workspace:*, peer-package@workspace:packages/peer-package":
  version: 0.0.0-use.local
  resolution: "peer-package@workspace:packages/peer-package"
  languageName: unknown
  linkType: soft
