# This file is generated by running "yarn install" inside your project.
# Manual changes might be lost - proceed with caution!

__metadata:
  version: 8
  cacheKey: 10c0

"@nodelib/fs.scandir@npm:2.1.5":
  version: 2.1.5
  resolution: "@nodelib/fs.scandir@npm:2.1.5"
  dependencies:
    "@nodelib/fs.stat": "npm:2.0.5"
    run-parallel: "npm:^1.1.9"
  checksum: 10c0/732c3b6d1b1e967440e65f284bd06e5821fedf10a1bea9ed2bb75956ea1f30e08c44d3def9d6a230666574edbaf136f8cfd319c14fd1f87c66e6a44449afb2eb
  languageName: node
  linkType: hard

"@nodelib/fs.scandir@npm:4.0.1":
  version: 4.0.1
  resolution: "@nodelib/fs.scandir@npm:4.0.1"
  dependencies:
    "@nodelib/fs.stat": "npm:4.0.0"
    run-parallel: "npm:^1.2.0"
  checksum: 10c0/b5d73e3c705ea3fa88795448d330bf02c214a225475793ccb5e7da88a7067e5eb03197691112f0b3f60367d9d5239293a1dd23bd0192435c98b6efae6461e5b5
  languageName: node
  linkType: hard

"@nodelib/fs.stat@npm:2.0.5, @nodelib/fs.stat@npm:^2.0.2":
  version: 2.0.5
  resolution: "@nodelib/fs.stat@npm:2.0.5"
  checksum: 10c0/88dafe5e3e29a388b07264680dc996c17f4bda48d163a9d4f5c1112979f0ce8ec72aa7116122c350b4e7976bc5566dc3ddb579be1ceaacc727872eb4ed93926d
  languageName: node
  linkType: hard

"@nodelib/fs.stat@npm:4.0.0":
  version: 4.0.0
  resolution: "@nodelib/fs.stat@npm:4.0.0"
  checksum: 10c0/f44ff60c76a83484d929d231510c8d9f8a9162674bf63b03149ed25ab944010b4603770d845ac671ddba1c9615f3201e46fc22b782d8d4b28ad4d62f5fd19125
  languageName: node
  linkType: hard

"@nodelib/fs.walk@npm:3.0.1":
  version: 3.0.1
  resolution: "@nodelib/fs.walk@npm:3.0.1"
  dependencies:
    "@nodelib/fs.scandir": "npm:4.0.1"
    fastq: "npm:^1.15.0"
  checksum: 10c0/1c14b9bd4d9429fca2c4dd89a07fb7d85421d32bca2c5edf2654afe9600c8137c7785dc055da7ddc8b2a1f194f0987b101706edff408976c6a8808fa0eeb691c
  languageName: node
  linkType: hard

"@nodelib/fs.walk@npm:^1.2.3":
  version: 1.2.8
  resolution: "@nodelib/fs.walk@npm:1.2.8"
  dependencies:
    "@nodelib/fs.scandir": "npm:2.1.5"
    fastq: "npm:^1.6.0"
  checksum: 10c0/db9de047c3bb9b51f9335a7bb46f4fcfb6829fb628318c12115fbaf7d369bfce71c15b103d1fc3b464812d936220ee9bc1c8f762d032c9f6be9acc99249095b1
  languageName: node
  linkType: hard

"@snyk/github-codeowners@npm:1.1.0":
  version: 1.1.0
  resolution: "@snyk/github-codeowners@npm:1.1.0"
  dependencies:
    commander: "npm:^4.1.1"
    ignore: "npm:^5.1.8"
    p-map: "npm:^4.0.0"
  bin:
    github-codeowners: dist/cli.js
  checksum: 10c0/92d860a904a1e67f8563d4ac4d540cc613f71193f7968933b4a4b1526e80a97f536f52d27762c158e3e39d48c2f3db4906ec78846309351c741abb1a28653af9
  languageName: node
  linkType: hard

"@types/node@npm:^22.10.7":
  version: 22.10.7
  resolution: "@types/node@npm:22.10.7"
  dependencies:
    undici-types: "npm:~6.20.0"
  checksum: 10c0/c941b4689dfc4044b64a5f601306cbcb0c7210be853ba378a5dd44137898c45accedd796ee002ad9407024cac7ecaf5049304951cb1d80ce3d7cebbbae56f20e
  languageName: node
  linkType: hard

"aggregate-error@npm:^3.0.0":
  version: 3.1.0
  resolution: "aggregate-error@npm:3.1.0"
  dependencies:
    clean-stack: "npm:^2.0.0"
    indent-string: "npm:^4.0.0"
  checksum: 10c0/a42f67faa79e3e6687a4923050e7c9807db3848a037076f791d10e092677d65c1d2d863b7848560699f40fc0502c19f40963fb1cd1fb3d338a7423df8e45e039
  languageName: node
  linkType: hard

"ansi-regex@npm:^5.0.1":
  version: 5.0.1
  resolution: "ansi-regex@npm:5.0.1"
  checksum: 10c0/9a64bb8627b434ba9327b60c027742e5d17ac69277960d041898596271d992d4d52ba7267a63ca10232e29f6107fc8a835f6ce8d719b88c5f8493f8254813737
  languageName: node
  linkType: hard

"argparse@npm:^2.0.1":
  version: 2.0.1
  resolution: "argparse@npm:2.0.1"
  checksum: 10c0/c5640c2d89045371c7cedd6a70212a04e360fd34d6edeae32f6952c63949e3525ea77dbec0289d8213a99bbaeab5abfa860b5c12cf88a2e6cf8106e90dd27a7e
  languageName: node
  linkType: hard

"braces@npm:^3.0.3":
  version: 3.0.3
  resolution: "braces@npm:3.0.3"
  dependencies:
    fill-range: "npm:^7.1.1"
  checksum: 10c0/7c6dfd30c338d2997ba77500539227b9d1f85e388a5f43220865201e407e076783d0881f2d297b9f80951b4c957fcf0b51c1d2d24227631643c3f7c284b0aa04
  languageName: node
  linkType: hard

"clean-stack@npm:^2.0.0":
  version: 2.2.0
  resolution: "clean-stack@npm:2.2.0"
  checksum: 10c0/1f90262d5f6230a17e27d0c190b09d47ebe7efdd76a03b5a1127863f7b3c9aec4c3e6c8bb3a7bbf81d553d56a1fd35728f5a8ef4c63f867ac8d690109742a8c1
  languageName: node
  linkType: hard

"clone@npm:^1.0.2":
  version: 1.0.4
  resolution: "clone@npm:1.0.4"
  checksum: 10c0/2176952b3649293473999a95d7bebfc9dc96410f6cbd3d2595cf12fd401f63a4bf41a7adbfd3ab2ff09ed60cb9870c58c6acdd18b87767366fabfc163700f13b
  languageName: node
  linkType: hard

"commander@npm:^4.1.1":
  version: 4.1.1
  resolution: "commander@npm:4.1.1"
  checksum: 10c0/84a76c08fe6cc08c9c93f62ac573d2907d8e79138999312c92d4155bc2325d487d64d13f669b2000c9f8caf70493c1be2dac74fec3c51d5a04f8bc3ae1830bab
  languageName: node
  linkType: hard

"defaults@npm:^1.0.3":
  version: 1.0.4
  resolution: "defaults@npm:1.0.4"
  dependencies:
    clone: "npm:^1.0.2"
  checksum: 10c0/9cfbe498f5c8ed733775db62dfd585780387d93c17477949e1670bfcfb9346e0281ce8c4bf9f4ac1fc0f9b851113bd6dc9e41182ea1644ccd97de639fa13c35a
  languageName: node
  linkType: hard

"easy-table@npm:1.2.0":
  version: 1.2.0
  resolution: "easy-table@npm:1.2.0"
  dependencies:
    ansi-regex: "npm:^5.0.1"
    wcwidth: "npm:^1.0.1"
  dependenciesMeta:
    wcwidth:
      optional: true
  checksum: 10c0/2d37937cd608586ba02e1ec479f90ccec581d366b3b0d1bb26b99ee6005f8d724e32a07a873759893461ca45b99e2d08c30326529d967ce9eedc1e9b68d4aa63
  languageName: node
  linkType: hard

"enhanced-resolve@npm:^5.18.0":
  version: 5.18.0
  resolution: "enhanced-resolve@npm:5.18.0"
  dependencies:
    graceful-fs: "npm:^4.2.4"
    tapable: "npm:^2.2.0"
  checksum: 10c0/5fcc264a6040754ab5b349628cac2bb5f89cee475cbe340804e657a5b9565f70e6aafb338d5895554eb0ced9f66c50f38a255274a0591dcb64ee17c549c459ce
  languageName: node
  linkType: hard

"fast-glob@npm:^3.3.3":
  version: 3.3.3
  resolution: "fast-glob@npm:3.3.3"
  dependencies:
    "@nodelib/fs.stat": "npm:^2.0.2"
    "@nodelib/fs.walk": "npm:^1.2.3"
    glob-parent: "npm:^5.1.2"
    merge2: "npm:^1.3.0"
    micromatch: "npm:^4.0.8"
  checksum: 10c0/f6aaa141d0d3384cf73cbcdfc52f475ed293f6d5b65bfc5def368b09163a9f7e5ec2b3014d80f733c405f58e470ee0cc451c2937685045cddcdeaa24199c43fe
  languageName: node
  linkType: hard

"fastq@npm:^1.15.0, fastq@npm:^1.6.0":
  version: 1.18.0
  resolution: "fastq@npm:1.18.0"
  dependencies:
    reusify: "npm:^1.0.4"
  checksum: 10c0/7be87ecc41762adbddf558d24182f50a4b1a3ef3ee807d33b7623da7aee5faecdcc94fce5aa13fe91df93e269f383232bbcdb2dc5338cd1826503d6063221f36
  languageName: node
  linkType: hard

"fill-range@npm:^7.1.1":
  version: 7.1.1
  resolution: "fill-range@npm:7.1.1"
  dependencies:
    to-regex-range: "npm:^5.0.1"
  checksum: 10c0/b75b691bbe065472f38824f694c2f7449d7f5004aa950426a2c28f0306c60db9b880c0b0e4ed819997ffb882d1da02cfcfc819bddc94d71627f5269682edf018
  languageName: node
  linkType: hard

"glob-parent@npm:^5.1.2":
  version: 5.1.2
  resolution: "glob-parent@npm:5.1.2"
  dependencies:
    is-glob: "npm:^4.0.1"
  checksum: 10c0/cab87638e2112bee3f839ef5f6e0765057163d39c66be8ec1602f3823da4692297ad4e972de876ea17c44d652978638d2fd583c6713d0eb6591706825020c9ee
  languageName: node
  linkType: hard

"graceful-fs@npm:^4.2.4":
  version: 4.2.11
  resolution: "graceful-fs@npm:4.2.11"
  checksum: 10c0/386d011a553e02bc594ac2ca0bd6d9e4c22d7fa8cfbfc448a6d148c59ea881b092db9dbe3547ae4b88e55f1b01f7c4a2ecc53b310c042793e63aa44cf6c257f2
  languageName: node
  linkType: hard

"ignore@npm:^5.1.8":
  version: 5.3.2
  resolution: "ignore@npm:5.3.2"
  checksum: 10c0/f9f652c957983634ded1e7f02da3b559a0d4cc210fca3792cb67f1b153623c9c42efdc1c4121af171e295444459fc4a9201101fb041b1104a3c000bccb188337
  languageName: node
  linkType: hard

"indent-string@npm:^4.0.0":
  version: 4.0.0
  resolution: "indent-string@npm:4.0.0"
  checksum: 10c0/1e1904ddb0cb3d6cce7cd09e27a90184908b7a5d5c21b92e232c93579d314f0b83c246ffb035493d0504b1e9147ba2c9b21df0030f48673fba0496ecd698161f
  languageName: node
  linkType: hard

"is-extglob@npm:^2.1.1":
  version: 2.1.1
  resolution: "is-extglob@npm:2.1.1"
  checksum: 10c0/5487da35691fbc339700bbb2730430b07777a3c21b9ebaecb3072512dfd7b4ba78ac2381a87e8d78d20ea08affb3f1971b4af629173a6bf435ff8a4c47747912
  languageName: node
  linkType: hard

"is-glob@npm:^4.0.1":
  version: 4.0.3
  resolution: "is-glob@npm:4.0.3"
  dependencies:
    is-extglob: "npm:^2.1.1"
  checksum: 10c0/17fb4014e22be3bbecea9b2e3a76e9e34ff645466be702f1693e8f1ee1adac84710d0be0bd9f967d6354036fd51ab7c2741d954d6e91dae6bb69714de92c197a
  languageName: node
  linkType: hard

"is-number@npm:^7.0.0":
  version: 7.0.0
  resolution: "is-number@npm:7.0.0"
  checksum: 10c0/b4686d0d3053146095ccd45346461bc8e53b80aeb7671cc52a4de02dbbf7dc0d1d2a986e2fe4ae206984b4d34ef37e8b795ebc4f4295c978373e6575e295d811
  languageName: node
  linkType: hard

"jiti@npm:^2.4.2":
  version: 2.4.2
  resolution: "jiti@npm:2.4.2"
  bin:
    jiti: lib/jiti-cli.mjs
  checksum: 10c0/4ceac133a08c8faff7eac84aabb917e85e8257f5ad659e843004ce76e981c457c390a220881748ac67ba1b940b9b729b30fb85cbaf6e7989f04b6002c94da331
  languageName: node
  linkType: hard

"js-yaml@npm:^4.1.0":
  version: 4.1.0
  resolution: "js-yaml@npm:4.1.0"
  dependencies:
    argparse: "npm:^2.0.1"
  bin:
    js-yaml: bin/js-yaml.js
  checksum: 10c0/184a24b4eaacfce40ad9074c64fd42ac83cf74d8c8cd137718d456ced75051229e5061b8633c3366b8aada17945a7a356b337828c19da92b51ae62126575018f
  languageName: node
  linkType: hard

"knip@npm:^5.42.3":
  version: 5.42.3
  resolution: "knip@npm:5.42.3"
  dependencies:
    "@nodelib/fs.walk": "npm:3.0.1"
    "@snyk/github-codeowners": "npm:1.1.0"
    easy-table: "npm:1.2.0"
    enhanced-resolve: "npm:^5.18.0"
    fast-glob: "npm:^3.3.3"
    jiti: "npm:^2.4.2"
    js-yaml: "npm:^4.1.0"
    minimist: "npm:^1.2.8"
    picocolors: "npm:^1.1.0"
    picomatch: "npm:^4.0.1"
    pretty-ms: "npm:^9.0.0"
    smol-toml: "npm:^1.3.1"
    strip-json-comments: "npm:5.0.1"
    summary: "npm:2.1.0"
    zod: "npm:^3.22.4"
    zod-validation-error: "npm:^3.0.3"
  peerDependencies:
    "@types/node": ">=18"
    typescript: ">=5.0.4"
  bin:
    knip: bin/knip.js
    knip-bun: bin/knip-bun.js
  checksum: 10c0/f4fff5be7a10f85f47670c358f7d57a51bffa9984766a60bf9d11f01d83e9be01906b47e6bf8366f1a2e131d62de0a69baada8bef757b88f4fde7c1d8d5014b2
  languageName: node
  linkType: hard

"merge2@npm:^1.3.0":
  version: 1.4.1
  resolution: "merge2@npm:1.4.1"
  checksum: 10c0/254a8a4605b58f450308fc474c82ac9a094848081bf4c06778200207820e5193726dc563a0d2c16468810516a5c97d9d3ea0ca6585d23c58ccfff2403e8dbbeb
  languageName: node
  linkType: hard

"micromatch@npm:^4.0.8":
  version: 4.0.8
  resolution: "micromatch@npm:4.0.8"
  dependencies:
    braces: "npm:^3.0.3"
    picomatch: "npm:^2.3.1"
  checksum: 10c0/166fa6eb926b9553f32ef81f5f531d27b4ce7da60e5baf8c021d043b27a388fb95e46a8038d5045877881e673f8134122b59624d5cecbd16eb50a42e7a6b5ca8
  languageName: node
  linkType: hard

"minimist@npm:^1.2.8":
  version: 1.2.8
  resolution: "minimist@npm:1.2.8"
  checksum: 10c0/19d3fcdca050087b84c2029841a093691a91259a47def2f18222f41e7645a0b7c44ef4b40e88a1e58a40c84d2ef0ee6047c55594d298146d0eb3f6b737c20ce6
  languageName: node
  linkType: hard

"p-map@npm:^4.0.0":
  version: 4.0.0
  resolution: "p-map@npm:4.0.0"
  dependencies:
    aggregate-error: "npm:^3.0.0"
  checksum: 10c0/592c05bd6262c466ce269ff172bb8de7c6975afca9b50c975135b974e9bdaafbfe80e61aaaf5be6d1200ba08b30ead04b88cfa7e25ff1e3b93ab28c9f62a2c75
  languageName: node
  linkType: hard

"parse-ms@npm:^4.0.0":
  version: 4.0.0
  resolution: "parse-ms@npm:4.0.0"
  checksum: 10c0/a7900f4f1ebac24cbf5e9708c16fb2fd482517fad353aecd7aefb8c2ba2f85ce017913ccb8925d231770404780df46244ea6fec598b3bde6490882358b4d2d16
  languageName: node
  linkType: hard

"picocolors@npm:^1.1.0":
  version: 1.1.1
  resolution: "picocolors@npm:1.1.1"
  checksum: 10c0/e2e3e8170ab9d7c7421969adaa7e1b31434f789afb9b3f115f6b96d91945041ac3ceb02e9ec6fe6510ff036bcc0bf91e69a1772edc0b707e12b19c0f2d6bcf58
  languageName: node
  linkType: hard

"picomatch@npm:^2.3.1":
  version: 2.3.1
  resolution: "picomatch@npm:2.3.1"
  checksum: 10c0/26c02b8d06f03206fc2ab8d16f19960f2ff9e81a658f831ecb656d8f17d9edc799e8364b1f4a7873e89d9702dff96204be0fa26fe4181f6843f040f819dac4be
  languageName: node
  linkType: hard

"picomatch@npm:^4.0.1":
  version: 4.0.2
  resolution: "picomatch@npm:4.0.2"
  checksum: 10c0/7c51f3ad2bb42c776f49ebf964c644958158be30d0a510efd5a395e8d49cb5acfed5b82c0c5b365523ce18e6ab85013c9ebe574f60305892ec3fa8eee8304ccc
  languageName: node
  linkType: hard

"pretty-ms@npm:^9.0.0":
  version: 9.2.0
  resolution: "pretty-ms@npm:9.2.0"
  dependencies:
    parse-ms: "npm:^4.0.0"
  checksum: 10c0/ab6d066f90e9f77020426986e1b018369f41575674544c539aabec2e63a20fec01166d8cf6571d0e165ad11cfe5a8134a2a48a36d42ab291c59c6deca5264cbb
  languageName: node
  linkType: hard

"queue-microtask@npm:^1.2.2":
  version: 1.2.3
  resolution: "queue-microtask@npm:1.2.3"
  checksum: 10c0/900a93d3cdae3acd7d16f642c29a642aea32c2026446151f0778c62ac089d4b8e6c986811076e1ae180a694cedf077d453a11b58ff0a865629a4f82ab558e102
  languageName: node
  linkType: hard

"reusify@npm:^1.0.4":
  version: 1.0.4
  resolution: "reusify@npm:1.0.4"
  checksum: 10c0/c19ef26e4e188f408922c46f7ff480d38e8dfc55d448310dfb518736b23ed2c4f547fb64a6ed5bdba92cd7e7ddc889d36ff78f794816d5e71498d645ef476107
  languageName: node
  linkType: hard

"run-parallel@npm:^1.1.9, run-parallel@npm:^1.2.0":
  version: 1.2.0
  resolution: "run-parallel@npm:1.2.0"
  dependencies:
    queue-microtask: "npm:^1.2.2"
  checksum: 10c0/200b5ab25b5b8b7113f9901bfe3afc347e19bb7475b267d55ad0eb86a62a46d77510cb0f232507c9e5d497ebda569a08a9867d0d14f57a82ad5564d991588b39
  languageName: node
  linkType: hard

"smol-toml@npm:^1.3.1":
  version: 1.3.1
  resolution: "smol-toml@npm:1.3.1"
  checksum: 10c0/bac5bf4f2655fd561fe41f9426d70ab68b486631beff97a7f127f5d2f811b5e247d50a06583be03d35a625dcb05b7984b94a61a81c68ea2810ac7a9bf4edc64d
  languageName: node
  linkType: hard

"strip-json-comments@npm:5.0.1":
  version: 5.0.1
  resolution: "strip-json-comments@npm:5.0.1"
  checksum: 10c0/c9d9d55a0167c57aa688df3aa20628cf6f46f0344038f189eaa9d159978e80b2bfa6da541a40d83f7bde8a3554596259bf6b70578b2172356536a0e3fa5a0982
  languageName: node
  linkType: hard

"summary@npm:2.1.0":
  version: 2.1.0
  resolution: "summary@npm:2.1.0"
  checksum: 10c0/2743c1f940fb303c496ef1b085e654704a6c16872957b6b76648c34bd32c8f0b7a3c5ec4e0f8bfb71dcb8473e34d172fef31026b85562af589cf220aa901698d
  languageName: node
  linkType: hard

"tapable@npm:^2.2.0":
  version: 2.2.1
  resolution: "tapable@npm:2.2.1"
  checksum: 10c0/bc40e6efe1e554d075469cedaba69a30eeb373552aaf41caeaaa45bf56ffacc2674261b106245bd566b35d8f3329b52d838e851ee0a852120acae26e622925c9
  languageName: node
  linkType: hard

"to-regex-range@npm:^5.0.1":
  version: 5.0.1
  resolution: "to-regex-range@npm:5.0.1"
  dependencies:
    is-number: "npm:^7.0.0"
  checksum: 10c0/487988b0a19c654ff3e1961b87f471702e708fa8a8dd02a298ef16da7206692e8552a0250e8b3e8759270f62e9d8314616f6da274734d3b558b1fc7b7724e892
  languageName: node
  linkType: hard

"typescript@npm:^5.0.0":
  version: 5.7.3
  resolution: "typescript@npm:5.7.3"
  bin:
    tsc: bin/tsc
    tsserver: bin/tsserver
  checksum: 10c0/b7580d716cf1824736cc6e628ab4cd8b51877408ba2be0869d2866da35ef8366dd6ae9eb9d0851470a39be17cbd61df1126f9e211d8799d764ea7431d5435afa
  languageName: node
  linkType: hard

"typescript@patch:typescript@npm%3A^5.0.0#optional!builtin<compat/typescript>":
  version: 5.7.3
  resolution: "typescript@patch:typescript@npm%3A5.7.3#optional!builtin<compat/typescript>::version=5.7.3&hash=5786d5"
  bin:
    tsc: bin/tsc
    tsserver: bin/tsserver
  checksum: 10c0/6fd7e0ed3bf23a81246878c613423730c40e8bdbfec4c6e4d7bf1b847cbb39076e56ad5f50aa9d7ebd89877999abaee216002d3f2818885e41c907caaa192cc4
  languageName: node
  linkType: hard

"undici-types@npm:~6.20.0":
  version: 6.20.0
  resolution: "undici-types@npm:6.20.0"
  checksum: 10c0/68e659a98898d6a836a9a59e6adf14a5d799707f5ea629433e025ac90d239f75e408e2e5ff086afc3cace26f8b26ee52155293564593fbb4a2f666af57fc59bf
  languageName: node
  linkType: hard

"wcwidth@npm:^1.0.1":
  version: 1.0.1
  resolution: "wcwidth@npm:1.0.1"
  dependencies:
    defaults: "npm:^1.0.3"
  checksum: 10c0/5b61ca583a95e2dd85d7078400190efd452e05751a64accb8c06ce4db65d7e0b0cde9917d705e826a2e05cc2548f61efde115ffa374c3e436d04be45c889e5b4
  languageName: node
  linkType: hard

"yarn-pnp-test@workspace:.":
  version: 0.0.0-use.local
  resolution: "yarn-pnp-test@workspace:."
  dependencies:
    "@types/node": "npm:^22.10.7"
    knip: "npm:^5.42.3"
    typescript: "npm:^5.0.0"
  languageName: unknown
  linkType: soft

"zod-validation-error@npm:^3.0.3":
  version: 3.4.0
  resolution: "zod-validation-error@npm:3.4.0"
  peerDependencies:
    zod: ^3.18.0
  checksum: 10c0/aaadb0e65c834aacb12fa088663d52d9f4224b5fe6958f09b039f4ab74145fda381c8a7d470bfddf7ddd9bbb5fdfbb52739cd66958ce6d388c256a44094d1fba
  languageName: node
  linkType: hard

"zod@npm:^3.22.4":
  version: 3.24.1
  resolution: "zod@npm:3.24.1"
  checksum: 10c0/0223d21dbaa15d8928fe0da3b54696391d8e3e1e2d0283a1a070b5980a1dbba945ce631c2d1eccc088fdbad0f2dfa40155590bf83732d3ac4fcca2cc9237591b
  languageName: node
  linkType: hard
