# This file is generated by running "yarn install" inside your project.
# Manual changes might be lost - proceed with caution!

__metadata:
  version: 8
  cacheKey: 10c0

"@emotion/is-prop-valid@npm:1.2.2":
  version: 1.2.2
  resolution: "@emotion/is-prop-valid@npm:1.2.2"
  dependencies:
    "@emotion/memoize": "npm:^0.8.1"
  checksum: 10c0/bb1530dcb4e0e5a4fabb219279f2d0bc35796baf66f6241f98b0d03db1985c890a8cafbea268e0edefd5eeda143dbd5c09a54b5fba74cee8c69b98b13194af50
  languageName: node
  linkType: hard

"@emotion/memoize@npm:^0.8.1":
  version: 0.8.1
  resolution: "@emotion/memoize@npm:0.8.1"
  checksum: 10c0/dffed372fc3b9fa2ba411e76af22b6bb686fb0cb07694fdfaa6dd2baeb0d5e4968c1a7caa472bfcf06a5997d5e7c7d16b90e993f9a6ffae79a2c3dbdc76dfe78
  languageName: node
  linkType: hard

"@emotion/unitless@npm:0.8.1":
  version: 0.8.1
  resolution: "@emotion/unitless@npm:0.8.1"
  checksum: 10c0/a1ed508628288f40bfe6dd17d431ed899c067a899fa293a13afe3aed1d70fac0412b8a215fafab0b42829360db687fecd763e5f01a64ddc4a4b58ec3112ff548
  languageName: node
  linkType: hard

"@eslint/js@npm:^9.20.0":
  version: 9.39.1
  resolution: "@eslint/js@npm:9.39.1"
  checksum: 10c0/6f7f26f8cdb7ad6327bbf9741973b6278eb946f18f70e35406e88194b0d5c522d0547a34a02f2a208eec95c5d1388cdf7ccb20039efd2e4cb6655615247a50f1
  languageName: node
  linkType: hard

"@fixtures/yarn-pnp-dependencies-types@workspace:packages/dependencies-types":
  version: 0.0.0-use.local
  resolution: "@fixtures/yarn-pnp-dependencies-types@workspace:packages/dependencies-types"
  dependencies:
    "@eslint/js": "npm:^9.20.0"
    "@types/ajv": "npm:^0.0.5"
    "@types/eslint__js": "npm:^8.42.3"
    "@types/node": "npm:^20.14.8"
    ajv: "npm:^8.17.1"
  languageName: unknown
  linkType: soft

"@fixtures/yarn-pnp-peer-dependencies@workspace:packages/peer-dependencies":
  version: 0.0.0-use.local
  resolution: "@fixtures/yarn-pnp-peer-dependencies@workspace:packages/peer-dependencies"
  dependencies:
    react: "npm:^19.2.0"
    react-dom: "npm:^19.2.0"
    styled-components: "npm:^6.1.19"
  languageName: unknown
  linkType: soft

"@fixtures/yarn-pnp@workspace:.":
  version: 0.0.0-use.local
  resolution: "@fixtures/yarn-pnp@workspace:."
  languageName: unknown
  linkType: soft

"@types/ajv@npm:^0.0.5":
  version: 0.0.5
  resolution: "@types/ajv@npm:0.0.5"
  checksum: 10c0/e36c8ae39bb9551a16a3fa0fbe9033dd8a775a90d22a777c44b79ad7501eed28d675eb482453b0c08e676f49e49d0b5252f9596b9a9d12c92e193713fa5c7a6c
  languageName: node
  linkType: hard

"@types/eslint@npm:*":
  version: 9.6.1
  resolution: "@types/eslint@npm:9.6.1"
  dependencies:
    "@types/estree": "npm:*"
    "@types/json-schema": "npm:*"
  checksum: 10c0/69ba24fee600d1e4c5abe0df086c1a4d798abf13792d8cfab912d76817fe1a894359a1518557d21237fbaf6eda93c5ab9309143dee4c59ef54336d1b3570420e
  languageName: node
  linkType: hard

"@types/eslint__js@npm:^8.42.3":
  version: 8.42.3
  resolution: "@types/eslint__js@npm:8.42.3"
  dependencies:
    "@types/eslint": "npm:*"
  checksum: 10c0/ccc5180b92155929a089ffb03ed62625216dcd5e46dd3197c6f82370ce8b52c7cb9df66c06b0a3017995409e023bc9eafe5a3f009e391960eacefaa1b62d9a56
  languageName: node
  linkType: hard

"@types/estree@npm:*":
  version: 1.0.8
  resolution: "@types/estree@npm:1.0.8"
  checksum: 10c0/39d34d1afaa338ab9763f37ad6066e3f349444f9052b9676a7cc0252ef9485a41c6d81c9c4e0d26e9077993354edf25efc853f3224dd4b447175ef62bdcc86a5
  languageName: node
  linkType: hard

"@types/json-schema@npm:*":
  version: 7.0.15
  resolution: "@types/json-schema@npm:7.0.15"
  checksum: 10c0/a996a745e6c5d60292f36731dd41341339d4eeed8180bb09226e5c8d23759067692b1d88e5d91d72ee83dfc00d3aca8e7bd43ea120516c17922cbcb7c3e252db
  languageName: node
  linkType: hard

"@types/node@npm:^20.14.8":
  version: 20.19.25
  resolution: "@types/node@npm:20.19.25"
  dependencies:
    undici-types: "npm:~6.21.0"
  checksum: 10c0/992f18cb03264e8dc2fd3cb64f428ee4997cb6d928dad68bf4b752eacac73062697ce7ce6a0e71a6d15af510814397a20597a72332dfec638e02fb3a382ad014
  languageName: node
  linkType: hard

"@types/stylis@npm:4.2.5":
  version: 4.2.5
  resolution: "@types/stylis@npm:4.2.5"
  checksum: 10c0/23f5b35a3a04f6bb31a29d404fa1bc8e0035fcaff2356b4047743a057e0c37b2eba7efe14d57dd2b95b398cea3bac294d9c6cd93ed307d8c0b7f5d282224b469
  languageName: node
  linkType: hard

"ajv@npm:^8.17.1":
  version: 8.17.1
  resolution: "ajv@npm:8.17.1"
  dependencies:
    fast-deep-equal: "npm:^3.1.3"
    fast-uri: "npm:^3.0.1"
    json-schema-traverse: "npm:^1.0.0"
    require-from-string: "npm:^2.0.2"
  checksum: 10c0/ec3ba10a573c6b60f94639ffc53526275917a2df6810e4ab5a6b959d87459f9ef3f00d5e7865b82677cb7d21590355b34da14d1d0b9c32d75f95a187e76fff35
  languageName: node
  linkType: hard

"camelize@npm:^1.0.0":
  version: 1.0.1
  resolution: "camelize@npm:1.0.1"
  checksum: 10c0/4c9ac55efd356d37ac483bad3093758236ab686192751d1c9daa43188cc5a07b09bd431eb7458a4efd9ca22424bba23253e7b353feb35d7c749ba040de2385fb
  languageName: node
  linkType: hard

"css-color-keywords@npm:^1.0.0":
  version: 1.0.0
  resolution: "css-color-keywords@npm:1.0.0"
  checksum: 10c0/af205a86c68e0051846ed91eb3e30b4517e1904aac040013ff1d742019b3f9369ba5658ba40901dbbc121186fc4bf0e75a814321cc3e3182fbb2feb81c6d9cb7
  languageName: node
  linkType: hard

"css-to-react-native@npm:3.2.0":
  version: 3.2.0
  resolution: "css-to-react-native@npm:3.2.0"
  dependencies:
    camelize: "npm:^1.0.0"
    css-color-keywords: "npm:^1.0.0"
    postcss-value-parser: "npm:^4.0.2"
  checksum: 10c0/fde850a511d5d3d7c55a1e9b8ed26b69a8ad4868b3487e36ebfbfc0b96fc34bc977d9cd1d61a289d0c74d3f9a662d8cee297da53d4433bf2e27d6acdff8e1003
  languageName: node
  linkType: hard

"csstype@npm:3.1.3":
  version: 3.1.3
  resolution: "csstype@npm:3.1.3"
  checksum: 10c0/80c089d6f7e0c5b2bd83cf0539ab41474198579584fa10d86d0cafe0642202343cbc119e076a0b1aece191989477081415d66c9fefbf3c957fc2fc4b7009f248
  languageName: node
  linkType: hard

"fast-deep-equal@npm:^3.1.3":
  version: 3.1.3
  resolution: "fast-deep-equal@npm:3.1.3"
  checksum: 10c0/40dedc862eb8992c54579c66d914635afbec43350afbbe991235fdcb4e3a8d5af1b23ae7e79bef7d4882d0ecee06c3197488026998fb19f72dc95acff1d1b1d0
  languageName: node
  linkType: hard

"fast-uri@npm:^3.0.1":
  version: 3.1.0
  resolution: "fast-uri@npm:3.1.0"
  checksum: 10c0/44364adca566f70f40d1e9b772c923138d47efeac2ae9732a872baafd77061f26b097ba2f68f0892885ad177becd065520412b8ffeec34b16c99433c5b9e2de7
  languageName: node
  linkType: hard

"json-schema-traverse@npm:^1.0.0":
  version: 1.0.0
  resolution: "json-schema-traverse@npm:1.0.0"
  checksum: 10c0/71e30015d7f3d6dc1c316d6298047c8ef98a06d31ad064919976583eb61e1018a60a0067338f0f79cabc00d84af3fcc489bd48ce8a46ea165d9541ba17fb30c6
  languageName: node
  linkType: hard

"nanoid@npm:^3.3.7":
  version: 3.3.11
  resolution: "nanoid@npm:3.3.11"
  bin:
    nanoid: bin/nanoid.cjs
  checksum: 10c0/40e7f70b3d15f725ca072dfc4f74e81fcf1fbb02e491cf58ac0c79093adc9b0a73b152bcde57df4b79cd097e13023d7504acb38404a4da7bc1cd8e887b82fe0b
  languageName: node
  linkType: hard

"picocolors@npm:^1.1.1":
  version: 1.1.1
  resolution: "picocolors@npm:1.1.1"
  checksum: 10c0/e2e3e8170ab9d7c7421969adaa7e1b31434f789afb9b3f115f6b96d91945041ac3ceb02e9ec6fe6510ff036bcc0bf91e69a1772edc0b707e12b19c0f2d6bcf58
  languageName: node
  linkType: hard

"postcss-value-parser@npm:^4.0.2":
  version: 4.2.0
  resolution: "postcss-value-parser@npm:4.2.0"
  checksum: 10c0/f4142a4f56565f77c1831168e04e3effd9ffcc5aebaf0f538eee4b2d465adfd4b85a44257bb48418202a63806a7da7fe9f56c330aebb3cac898e46b4cbf49161
  languageName: node
  linkType: hard

"postcss@npm:8.4.49":
  version: 8.4.49
  resolution: "postcss@npm:8.4.49"
  dependencies:
    nanoid: "npm:^3.3.7"
    picocolors: "npm:^1.1.1"
    source-map-js: "npm:^1.2.1"
  checksum: 10c0/f1b3f17aaf36d136f59ec373459f18129908235e65dbdc3aee5eef8eba0756106f52de5ec4682e29a2eab53eb25170e7e871b3e4b52a8f1de3d344a514306be3
  languageName: node
  linkType: hard

"react-dom@npm:^19.2.0":
  version: 19.2.0
  resolution: "react-dom@npm:19.2.0"
  dependencies:
    scheduler: "npm:^0.27.0"
  peerDependencies:
    react: ^19.2.0
  checksum: 10c0/fa2cae05248d01288e91523b590ce4e7635b1e13f1344e225f850d722a8da037bf0782f63b1c1d46353334e0c696909b82e582f8cad607948fde6f7646cc18d9
  languageName: node
  linkType: hard

"react@npm:^19.2.0":
  version: 19.2.0
  resolution: "react@npm:19.2.0"
  checksum: 10c0/1b6d64eacb9324725bfe1e7860cb7a6b8a34bc89a482920765ebff5c10578eb487e6b46b2f0df263bd27a25edbdae2c45e5ea5d81ae61404301c1a7192c38330
  languageName: node
  linkType: hard

"require-from-string@npm:^2.0.2":
  version: 2.0.2
  resolution: "require-from-string@npm:2.0.2"
  checksum: 10c0/aaa267e0c5b022fc5fd4eef49d8285086b15f2a1c54b28240fdf03599cbd9c26049fee3eab894f2e1f6ca65e513b030a7c264201e3f005601e80c49fb2937ce2
  languageName: node
  linkType: hard

"scheduler@npm:^0.27.0":
  version: 0.27.0
  resolution: "scheduler@npm:0.27.0"
  checksum: 10c0/4f03048cb05a3c8fddc45813052251eca00688f413a3cee236d984a161da28db28ba71bd11e7a3dd02f7af84ab28d39fb311431d3b3772fed557945beb00c452
  languageName: node
  linkType: hard

"shallowequal@npm:1.1.0":
  version: 1.1.0
  resolution: "shallowequal@npm:1.1.0"
  checksum: 10c0/b926efb51cd0f47aa9bc061add788a4a650550bbe50647962113a4579b60af2abe7b62f9b02314acc6f97151d4cf87033a2b15fc20852fae306d1a095215396c
  languageName: node
  linkType: hard

"source-map-js@npm:^1.2.1":
  version: 1.2.1
  resolution: "source-map-js@npm:1.2.1"
  checksum: 10c0/7bda1fc4c197e3c6ff17de1b8b2c20e60af81b63a52cb32ec5a5d67a20a7d42651e2cb34ebe93833c5a2a084377e17455854fee3e21e7925c64a51b6a52b0faf
  languageName: node
  linkType: hard

"styled-components@npm:^6.1.19":
  version: 6.1.19
  resolution: "styled-components@npm:6.1.19"
  dependencies:
    "@emotion/is-prop-valid": "npm:1.2.2"
    "@emotion/unitless": "npm:0.8.1"
    "@types/stylis": "npm:4.2.5"
    css-to-react-native: "npm:3.2.0"
    csstype: "npm:3.1.3"
    postcss: "npm:8.4.49"
    shallowequal: "npm:1.1.0"
    stylis: "npm:4.3.2"
    tslib: "npm:2.6.2"
  peerDependencies:
    react: ">= 16.8.0"
    react-dom: ">= 16.8.0"
  checksum: 10c0/8d20427a5debe54bfa3b55f79af2a3577551ed7f1d1cd34df986b73fd01ac519f9081b7737cc1f76e12fbc483fa50551e55be0bc984296e623cc6a2364697cd8
  languageName: node
  linkType: hard

"stylis@npm:4.3.2":
  version: 4.3.2
  resolution: "stylis@npm:4.3.2"
  checksum: 10c0/0410e1404cbeee3388a9e17587875211ce2f014c8379af0d1e24ca55878867c9f1ccc7b0ce9a156ca53f5d6e301391a82b0645522a604674a378b3189a4a1994
  languageName: node
  linkType: hard

"tslib@npm:2.6.2":
  version: 2.6.2
  resolution: "tslib@npm:2.6.2"
  checksum: 10c0/e03a8a4271152c8b26604ed45535954c0a45296e32445b4b87f8a5abdb2421f40b59b4ca437c4346af0f28179780d604094eb64546bee2019d903d01c6c19bdb
  languageName: node
  linkType: hard

"undici-types@npm:~6.21.0":
  version: 6.21.0
  resolution: "undici-types@npm:6.21.0"
  checksum: 10c0/c01ed51829b10aa72fc3ce64b747f8e74ae9b60eafa19a7b46ef624403508a54c526ffab06a14a26b3120d055e1104d7abe7c9017e83ced038ea5cf52f8d5e04
  languageName: node
  linkType: hard
